
Microsoft Visual Studio Solution File, Format Version 12.00
# Visual Studio Version 16
VisualStudioVersion = 16.0.33130.400
MinimumVisualStudioVersion = 10.0.40219.1
Project("{9A19103F-16F7-4668-BE54-9A1E7A4F7556}") = "DataModels", "ClassLibrary1\DataModels.csproj", "{3147CCE6-EF35-4950-BCA9-9E32637961AB}"
EndProject
Project("{9A19103F-16F7-4668-BE54-9A1E7A4F7556}") = "BusinessModel", "BusinessModel\BusinessModel.csproj", "{D728F3D6-2EE1-422B-AA91-209BD0A3280D}"
EndProject
Project("{FAE04EC0-301F-11D3-BF4B-00C04F79EFBC}") = "AfpApi", "AfpApi\AfpApi.csproj", "{9EADE463-36CC-477A-A0CC-2CF2FCA411C2}"
EndProject
Global
	GlobalSection(SolutionConfigurationPlatforms) = preSolution
		Debug|Any CPU = Debug|Any CPU
		Release|Any CPU = Release|Any CPU
	EndGlobalSection
	GlobalSection(ProjectConfigurationPlatforms) = postSolution
		{3147CCE6-EF35-4950-BCA9-9E32637961AB}.Debug|Any CPU.ActiveCfg = Debug|Any CPU
		{3147CCE6-EF35-4950-BCA9-9E32637961AB}.Debug|Any CPU.Build.0 = Debug|Any CPU
		{3147CCE6-EF35-4950-BCA9-9E32637961AB}.Release|Any CPU.ActiveCfg = Release|Any CPU
		{3147CCE6-EF35-4950-BCA9-9E32637961AB}.Release|Any CPU.Build.0 = Release|Any CPU
		{D728F3D6-2EE1-422B-AA91-209BD0A3280D}.Debug|Any CPU.ActiveCfg = Debug|Any CPU
		{D728F3D6-2EE1-422B-AA91-209BD0A3280D}.Debug|Any CPU.Build.0 = Debug|Any CPU
		{D728F3D6-2EE1-422B-AA91-209BD0A3280D}.Release|Any CPU.ActiveCfg = Release|Any CPU
		{D728F3D6-2EE1-422B-AA91-209BD0A3280D}.Release|Any CPU.Build.0 = Release|Any CPU
		{9EADE463-36CC-477A-A0CC-2CF2FCA411C2}.Debug|Any CPU.ActiveCfg = Debug|Any CPU
		{9EADE463-36CC-477A-A0CC-2CF2FCA411C2}.Debug|Any CPU.Build.0 = Debug|Any CPU
		{9EADE463-36CC-477A-A0CC-2CF2FCA411C2}.Release|Any CPU.ActiveCfg = Release|Any CPU
		{9EADE463-36CC-477A-A0CC-2CF2FCA411C2}.Release|Any CPU.Build.0 = Release|Any CPU
	EndGlobalSection
	GlobalSection(SolutionProperties) = preSolution
		HideSolutionNode = FALSE
	EndGlobalSection
	GlobalSection(ExtensibilityGlobals) = postSolution
		SolutionGuid = {28DF966E-F21C-40D9-ACB0-9751EFCC19F6}
	EndGlobalSection
EndGlobal
